// !$*UTF8*$!
{
	archiveVersion = 1;
	classes = {
	};
	objectVersion = 46;
	objects = {

/* Begin PBXBuildFile section */
		58A6DC531C70B9A200FDA05C /* AppDelegate.swift in Sources */ = {isa = PBXBuildFile; fileRef = 58A6DC521C70B9A200FDA05C /* AppDelegate.swift */; };
		58A6DC551C70B9A200FDA05C /* ViewController.swift in Sources */ = {isa = PBXBuildFile; fileRef = 58A6DC541C70B9A200FDA05C /* ViewController.swift */; };
		58A6DC571C70B9A200FDA05C /* Assets.xcassets in Resources */ = {isa = PBXBuildFile; fileRef = 58A6DC561C70B9A200FDA05C /* Assets.xcassets */; };
		58A6DC5A1C70B9A200FDA05C /* Main.storyboard in Resources */ = {isa = PBXBuildFile; fileRef = 58A6DC581C70B9A200FDA05C /* Main.storyboard */; };
		58A6DC621C70B9F400FDA05C /* SidebarDomain.swift in Sources */ = {isa = PBXBuildFile; fileRef = 58A6DC611C70B9F400FDA05C /* SidebarDomain.swift */; };
		58A6DC641C70BA4C00FDA05C /* MiscFlippedView.swift in Sources */ = {isa = PBXBuildFile; fileRef = 58A6DC631C70BA4C00FDA05C /* MiscFlippedView.swift */; };
		58A6DC661C70BAC600FDA05C /* BoxView.swift in Sources */ = {isa = PBXBuildFile; fileRef = 58A6DC651C70BAC600FDA05C /* BoxView.swift */; };
		58A6DC681C70BE5100FDA05C /* Sidebars.storyboard in Resources */ = {isa = PBXBuildFile; fileRef = 58A6DC671C70BE5100FDA05C /* Sidebars.storyboard */; };
		58A6DC6A1C70BFD700FDA05C /* DocumentDetailController.swift in Sources */ = {isa = PBXBuildFile; fileRef = 58A6DC691C70BFD700FDA05C /* DocumentDetailController.swift */; };
		58A6DC6C1C70BFEF00FDA05C /* Headers.storyboard in Resources */ = {isa = PBXBuildFile; fileRef = 58A6DC6B1C70BFEF00FDA05C /* Headers.storyboard */; };
		58A6DC6E1C70C05D00FDA05C /* StandardSidebarHeaderController.swift in Sources */ = {isa = PBXBuildFile; fileRef = 58A6DC6D1C70C05D00FDA05C /* StandardSidebarHeaderController.swift */; };
		58A6DC701C70C09300FDA05C /* ImageSidebarHeaderController.swift in Sources */ = {isa = PBXBuildFile; fileRef = 58A6DC6F1C70C09300FDA05C /* ImageSidebarHeaderController.swift */; };
		58A6DC721C70C34A00FDA05C /* TableDetailController.swift in Sources */ = {isa = PBXBuildFile; fileRef = 58A6DC711C70C34A00FDA05C /* TableDetailController.swift */; };
		58A6DC741C70C3B200FDA05C /* CollectionDetailController.swift in Sources */ = {isa = PBXBuildFile; fileRef = 58A6DC731C70C3B200FDA05C /* CollectionDetailController.swift */; };
		58A6DC771C70C42700FDA05C /* CollectionCell.swift in Sources */ = {isa = PBXBuildFile; fileRef = 58A6DC751C70C42700FDA05C /* CollectionCell.swift */; };
		58A6DC781C70C42700FDA05C /* CollectionCell.xib in Resources */ = {isa = PBXBuildFile; fileRef = 58A6DC761C70C42700FDA05C /* CollectionCell.xib */; };
		58A6DC7A1C70C51300FDA05C /* CanvasDetailController.swift in Sources */ = {isa = PBXBuildFile; fileRef = 58A6DC791C70C51300FDA05C /* CanvasDetailController.swift */; };
		58A6DC7C1C70C87F00FDA05C /* SidebarController.swift in Sources */ = {isa = PBXBuildFile; fileRef = 58A6DC7B1C70C87F00FDA05C /* SidebarController.swift */; };
/* End PBXBuildFile section */

/* Begin PBXFileReference section */
		58A6DC4F1C70B9A200FDA05C /* OsxInfoBar.app */ = {isa = PBXFileReference; explicitFileType = wrapper.application; includeInIndex = 0; path = OsxInfoBar.app; sourceTree = BUILT_PRODUCTS_DIR; };
		58A6DC521C70B9A200FDA05C /* AppDelegate.swift */ = {isa = PBXFileReference; lastKnownFileType = sourcecode.swift; path = AppDelegate.swift; sourceTree = "<group>"; };
		58A6DC541C70B9A200FDA05C /* ViewController.swift */ = {isa = PBXFileReference; lastKnownFileType = sourcecode.swift; path = ViewController.swift; sourceTree = "<group>"; };
		58A6DC561C70B9A200FDA05C /* Assets.xcassets */ = {isa = PBXFileReference; lastKnownFileType = folder.assetcatalog; path = Assets.xcassets; sourceTree = "<group>"; };
		58A6DC591C70B9A200FDA05C /* Base */ = {isa = PBXFileReference; lastKnownFileType = file.storyboard; name = Base; path = Base.lproj/Main.storyboard; sourceTree = "<group>"; };
		58A6DC5B1C70B9A200FDA05C /* Info.plist */ = {isa = PBXFileReference; lastKnownFileType = text.plist.xml; path = Info.plist; sourceTree = "<group>"; };
		58A6DC611C70B9F400FDA05C /* SidebarDomain.swift */ = {isa = PBXFileReference; fileEncoding = 4; lastKnownFileType = sourcecode.swift; path = SidebarDomain.swift; sourceTree = "<group>"; };
		58A6DC631C70BA4C00FDA05C /* MiscFlippedView.swift */ = {isa = PBXFileReference; fileEncoding = 4; lastKnownFileType = sourcecode.swift; path = MiscFlippedView.swift; sourceTree = "<group>"; };
		58A6DC651C70BAC600FDA05C /* BoxView.swift */ = {isa = PBXFileReference; fileEncoding = 4; lastKnownFileType = sourcecode.swift; path = BoxView.swift; sourceTree = "<group>"; };
		58A6DC671C70BE5100FDA05C /* Sidebars.storyboard */ = {isa = PBXFileReference; fileEncoding = 4; lastKnownFileType = file.storyboard; path = Sidebars.storyboard; sourceTree = "<group>"; };
		58A6DC691C70BFD700FDA05C /* DocumentDetailController.swift */ = {isa = PBXFileReference; fileEncoding = 4; lastKnownFileType = sourcecode.swift; path = DocumentDetailController.swift; sourceTree = "<group>"; };
		58A6DC6B1C70BFEF00FDA05C /* Headers.storyboard */ = {isa = PBXFileReference; fileEncoding = 4; lastKnownFileType = file.storyboard; path = Headers.storyboard; sourceTree = "<group>"; };
		58A6DC6D1C70C05D00FDA05C /* StandardSidebarHeaderController.swift */ = {isa = PBXFileReference; fileEncoding = 4; lastKnownFileType = sourcecode.swift; path = StandardSidebarHeaderController.swift; sourceTree = "<group>"; };
		58A6DC6F1C70C09300FDA05C /* ImageSidebarHeaderController.swift */ = {isa = PBXFileReference; fileEncoding = 4; lastKnownFileType = sourcecode.swift; path = ImageSidebarHeaderController.swift; sourceTree = "<group>"; };
		58A6DC711C70C34A00FDA05C /* TableDetailController.swift */ = {isa = PBXFileReference; fileEncoding = 4; lastKnownFileType = sourcecode.swift; path = TableDetailController.swift; sourceTree = "<group>"; };
		58A6DC731C70C3B200FDA05C /* CollectionDetailController.swift */ = {isa = PBXFileReference; fileEncoding = 4; lastKnownFileType = sourcecode.swift; path = CollectionDetailController.swift; sourceTree = "<group>"; };
		58A6DC751C70C42700FDA05C /* CollectionCell.swift */ = {isa = PBXFileReference; fileEncoding = 4; lastKnownFileType = sourcecode.swift; path = CollectionCell.swift; sourceTree = "<group>"; };
		58A6DC761C70C42700FDA05C /* CollectionCell.xib */ = {isa = PBXFileReference; fileEncoding = 4; lastKnownFileType = file.xib; path = CollectionCell.xib; sourceTree = "<group>"; };
		58A6DC791C70C51300FDA05C /* CanvasDetailController.swift */ = {isa = PBXFileReference; fileEncoding = 4; lastKnownFileType = sourcecode.swift; path = CanvasDetailController.swift; sourceTree = "<group>"; };
		58A6DC7B1C70C87F00FDA05C /* SidebarController.swift */ = {isa = PBXFileReference; fileEncoding = 4; lastKnownFileType = sourcecode.swift; path = SidebarController.swift; sourceTree = "<group>"; };
/* End PBXFileReference section */

/* Begin PBXFrameworksBuildPhase section */
		58A6DC4C1C70B9A200FDA05C /* Frameworks */ = {
			isa = PBXFrameworksBuildPhase;
			buildActionMask = 2147483647;
			files = (
			);
			runOnlyForDeploymentPostprocessing = 0;
		};
/* End PBXFrameworksBuildPhase section */

/* Begin PBXGroup section */
		58A6DC461C70B9A200FDA05C = {
			isa = PBXGroup;
			children = (
				58A6DC511C70B9A200FDA05C /* OsxInfoBar */,
				58A6DC501C70B9A200FDA05C /* Products */,
			);
			sourceTree = "<group>";
		};
		58A6DC501C70B9A200FDA05C /* Products */ = {
			isa = PBXGroup;
			children = (
				58A6DC4F1C70B9A200FDA05C /* OsxInfoBar.app */,
			);
			name = Products;
			sourceTree = "<group>";
		};
		58A6DC511C70B9A200FDA05C /* OsxInfoBar */ = {
			isa = PBXGroup;
			children = (
				58A6DC561C70B9A200FDA05C /* Assets.xcassets */,
				58A6DC5B1C70B9A200FDA05C /* Info.plist */,
				58A6DC521C70B9A200FDA05C /* AppDelegate.swift */,
				58A6DC541C70B9A200FDA05C /* ViewController.swift */,
				58A6DC581C70B9A200FDA05C /* Main.storyboard */,
				58A6DC611C70B9F400FDA05C /* SidebarDomain.swift */,
				58A6DC631C70BA4C00FDA05C /* MiscFlippedView.swift */,
				58A6DC651C70BAC600FDA05C /* BoxView.swift */,
				58A6DC6B1C70BFEF00FDA05C /* Headers.storyboard */,
				58A6DC6D1C70C05D00FDA05C /* StandardSidebarHeaderController.swift */,
				58A6DC6F1C70C09300FDA05C /* ImageSidebarHeaderController.swift */,
				58A6DC671C70BE5100FDA05C /* Sidebars.storyboard */,
				58A6DC691C70BFD700FDA05C /* DocumentDetailController.swift */,
				58A6DC711C70C34A00FDA05C /* TableDetailController.swift */,
				58A6DC731C70C3B200FDA05C /* CollectionDetailController.swift */,
				58A6DC791C70C51300FDA05C /* CanvasDetailController.swift */,
				58A6DC751C70C42700FDA05C /* CollectionCell.swift */,
				58A6DC761C70C42700FDA05C /* CollectionCell.xib */,
				58A6DC7B1C70C87F00FDA05C /* SidebarController.swift */,
			);
			path = OsxInfoBar;
			sourceTree = "<group>";
		};
/* End PBXGroup section */

/* Begin PBXNativeTarget section */
		58A6DC4E1C70B9A200FDA05C /* OsxInfoBar */ = {
			isa = PBXNativeTarget;
			buildConfigurationList = 58A6DC5E1C70B9A200FDA05C /* Build configuration list for PBXNativeTarget "OsxInfoBar" */;
			buildPhases = (
				58A6DC4B1C70B9A200FDA05C /* Sources */,
				58A6DC4C1C70B9A200FDA05C /* Frameworks */,
				58A6DC4D1C70B9A200FDA05C /* Resources */,
			);
			buildRules = (
			);
			dependencies = (
			);
			name = OsxInfoBar;
			productName = OsxInfoBar;
			productReference = 58A6DC4F1C70B9A200FDA05C /* OsxInfoBar.app */;
			productType = "com.apple.product-type.application";
		};
/* End PBXNativeTarget section */

/* Begin PBXProject section */
		58A6DC471C70B9A200FDA05C /* Project object */ = {
			isa = PBXProject;
			attributes = {
				LastSwiftUpdateCheck = 0730;
				LastUpgradeCheck = 0820;
				ORGANIZATIONNAME = "Andy Calderbank";
				TargetAttributes = {
					58A6DC4E1C70B9A200FDA05C = {
						CreatedOnToolsVersion = 7.3;
						LastSwiftMigration = 0820;
					};
				};
			};
			buildConfigurationList = 58A6DC4A1C70B9A200FDA05C /* Build configuration list for PBXProject "OsxInfoBar" */;
			compatibilityVersion = "Xcode 3.2";
			developmentRegion = English;
			hasScannedForEncodings = 0;
			knownRegions = (
				en,
				Base,
			);
			mainGroup = 58A6DC461C70B9A200FDA05C;
			productRefGroup = 58A6DC501C70B9A200FDA05C /* Products */;
			projectDirPath = "";
			projectRoot = "";
			targets = (
				58A6DC4E1C70B9A200FDA05C /* OsxInfoBar */,
			);
		};
/* End PBXProject section */

/* Begin PBXResourcesBuildPhase section */
		58A6DC4D1C70B9A200FDA05C /* Resources */ = {
			isa = PBXResourcesBuildPhase;
			buildActionMask = 2147483647;
			files = (
				58A6DC781C70C42700FDA05C /* CollectionCell.xib in Resources */,
				58A6DC571C70B9A200FDA05C /* Assets.xcassets in Resources */,
				58A6DC6C1C70BFEF00FDA05C /* Headers.storyboard in Resources */,
				58A6DC5A1C70B9A200FDA05C /* Main.storyboard in Resources */,
				58A6DC681C70BE5100FDA05C /* Sidebars.storyboard in Resources */,
			);
			runOnlyForDeploymentPostprocessing = 0;
		};
/* End PBXResourcesBuildPhase section */

/* Begin PBXSourcesBuildPhase section */
		58A6DC4B1C70B9A200FDA05C /* Sources */ = {
			isa = PBXSourcesBuildPhase;
			buildActionMask = 2147483647;
			files = (
				58A6DC741C70C3B200FDA05C /* CollectionDetailController.swift in Sources */,
				58A6DC621C70B9F400FDA05C /* SidebarDomain.swift in Sources */,
				58A6DC551C70B9A200FDA05C /* ViewController.swift in Sources */,
				58A6DC721C70C34A00FDA05C /* TableDetailController.swift in Sources */,
				58A6DC661C70BAC600FDA05C /* BoxView.swift in Sources */,
				58A6DC701C70C09300FDA05C /* ImageSidebarHeaderController.swift in Sources */,
				58A6DC7A1C70C51300FDA05C /* CanvasDetailController.swift in Sources */,
				58A6DC531C70B9A200FDA05C /* AppDelegate.swift in Sources */,
				58A6DC6E1C70C05D00FDA05C /* StandardSidebarHeaderController.swift in Sources */,
				58A6DC7C1C70C87F00FDA05C /* SidebarController.swift in Sources */,
				58A6DC641C70BA4C00FDA05C /* MiscFlippedView.swift in Sources */,
				58A6DC771C70C42700FDA05C /* CollectionCell.swift in Sources */,
				58A6DC6A1C70BFD700FDA05C /* DocumentDetailController.swift in Sources */,
			);
			runOnlyForDeploymentPostprocessing = 0;
		};
/* End PBXSourcesBuildPhase section */

/* Begin PBXVariantGroup section */
		58A6DC581C70B9A200FDA05C /* Main.storyboard */ = {
			isa = PBXVariantGroup;
			children = (
				58A6DC591C70B9A200FDA05C /* Base */,
			);
			name = Main.storyboard;
			sourceTree = "<group>";
		};
/* End PBXVariantGroup section */

/* Begin XCBuildConfiguration section */
		58A6DC5C1C70B9A200FDA05C /* Debug */ = {
			isa = XCBuildConfiguration;
			buildSettings = {
				ALWAYS_SEARCH_USER_PATHS = NO;
				CLANG_ANALYZER_NONNULL = YES;
				CLANG_CXX_LANGUAGE_STANDARD = "gnu++0x";
				CLANG_CXX_LIBRARY = "libc++";
				CLANG_ENABLE_MODULES = YES;
				CLANG_ENABLE_OBJC_ARC = YES;
				CLANG_WARN_BOOL_CONVERSION = YES;
				CLANG_WARN_CONSTANT_CONVERSION = YES;
				CLANG_WARN_DIRECT_OBJC_ISA_USAGE = YES_ERROR;
				CLANG_WARN_EMPTY_BODY = YES;
				CLANG_WARN_ENUM_CONVERSION = YES;
				CLANG_WARN_INFINITE_RECURSION = YES;
				CLANG_WARN_INT_CONVERSION = YES;
				CLANG_WARN_OBJC_ROOT_CLASS = YES_ERROR;
				CLANG_WARN_SUSPICIOUS_MOVE = YES;
				CLANG_WARN_UNREACHABLE_CODE = YES;
				CLANG_WARN__DUPLICATE_METHOD_MATCH = YES;
				CODE_SIGN_IDENTITY = "-";
				COPY_PHASE_STRIP = NO;
				DEBUG_INFORMATION_FORMAT = dwarf;
				ENABLE_STRICT_OBJC_MSGSEND = YES;
				ENABLE_TESTABILITY = YES;
				GCC_C_LANGUAGE_STANDARD = gnu99;
				GCC_DYNAMIC_NO_PIC = NO;
				GCC_NO_COMMON_BLOCKS = YES;
				GCC_OPTIMIZATION_LEVEL = 0;
				GCC_PREPROCESSOR_DEFINITIONS = (
					"DEBUG=1",
					"$(inherited)",
				);
				GCC_WARN_64_TO_32_BIT_CONVERSION = YES;
				GCC_WARN_ABOUT_RETURN_TYPE = YES_ERROR;
				GCC_WARN_UNDECLARED_SELECTOR = YES;
				GCC_WARN_UNINITIALIZED_AUTOS = YES_AGGRESSIVE;
				GCC_WARN_UNUSED_FUNCTION = YES;
				GCC_WARN_UNUSED_VARIABLE = YES;
				MACOSX_DEPLOYMENT_TARGET = 10.11;
				MTL_ENABLE_DEBUG_INFO = YES;
				ONLY_ACTIVE_ARCH = YES;
				SDKROOT = macosx;
				SWIFT_OPTIMIZATION_LEVEL = "-Onone";
			};
			name = Debug;
		};
		58A6DC5D1C70B9A200FDA05C /* Release */ = {
			isa = XCBuildConfiguration;
			buildSettings = {
				ALWAYS_SEARCH_USER_PATHS = NO;
				CLANG_ANALYZER_NONNULL = YES;
				CLANG_CXX_LANGUAGE_STANDARD = "gnu++0x";
				CLANG_CXX_LIBRARY = "libc++";
				CLANG_ENABLE_MODULES = YES;
				CLANG_ENABLE_OBJC_ARC = YES;
				CLANG_WARN_BOOL_CONVERSION = YES;
				CLANG_WARN_CONSTANT_CONVERSION = YES;
				CLANG_WARN_DIRECT_OBJC_ISA_USAGE = YES_ERROR;
				CLANG_WARN_EMPTY_BODY = YES;
				CLANG_WARN_ENUM_CONVERSION = YES;
				CLANG_WARN_INFINITE_RECURSION = YES;
				CLANG_WARN_INT_CONVERSION = YES;
				CLANG_WARN_OBJC_ROOT_CLASS = YES_ERROR;
				CLANG_WARN_SUSPICIOUS_MOVE = YES;
				CLANG_WARN_UNREACHABLE_CODE = YES;
				CLANG_WARN__DUPLICATE_METHOD_MATCH = YES;
				CODE_SIGN_IDENTITY = "-";
				COPY_PHASE_STRIP = NO;
				DEBUG_INFORMATION_FORMAT = "dwarf-with-dsym";
				ENABLE_NS_ASSERTIONS = NO;
				ENABLE_STRICT_OBJC_MSGSEND = YES;
				GCC_C_LANGUAGE_STANDARD = gnu99;
				GCC_NO_COMMON_BLOCKS = YES;
				GCC_WARN_64_TO_32_BIT_CONVERSION = YES;
				GCC_WARN_ABOUT_RETURN_TYPE = YES_ERROR;
				GCC_WARN_UNDECLARED_SELECTOR = YES;
				GCC_WARN_UNINITIALIZED_AUTOS = YES_AGGRESSIVE;
				GCC_WARN_UNUSED_FUNCTION = YES;
				GCC_WARN_UNUSED_VARIABLE = YES;
				MACOSX_DEPLOYMENT_TARGET = 10.11;
				MTL_ENABLE_DEBUG_INFO = NO;
				SDKROOT = macosx;
				SWIFT_OPTIMIZATION_LEVEL = "-Owholemodule";
			};
			name = Release;
		};
		58A6DC5F1C70B9A200FDA05C /* Debug */ = {
			isa = XCBuildConfiguration;
			buildSettings = {
				ASSETCATALOG_COMPILER_APPICON_NAME = AppIcon;
				COMBINE_HIDPI_IMAGES = YES;
				INFOPLIST_FILE = OsxInfoBar/Info.plist;
				LD_RUNPATH_SEARCH_PATHS = "$(inherited) @executable_path/../Frameworks";
				PRODUCT_BUNDLE_IDENTIFIER = "com.andy-calderbank-demo.OsxInfoBar";
				PRODUCT_NAME = "$(TARGET_NAME)";
				SWIFT_VERSION = 3.0;
			};
			name = Debug;
		};
		58A6DC601C70B9A200FDA05C /* Release */ = {
			isa = XCBuildConfiguration;
			buildSettings = {
				ASSETCATALOG_COMPILER_APPICON_NAME = AppIcon;
				COMBINE_HIDPI_IMAGES = YES;
				INFOPLIST_FILE = OsxInfoBar/Info.plist;
				LD_RUNPATH_SEARCH_PATHS = "$(inherited) @executable_path/../Frameworks";
				PRODUCT_BUNDLE_IDENTIFIER = "com.andy-calderbank-demo.OsxInfoBar";
				PRODUCT_NAME = "$(TARGET_NAME)";
				SWIFT_VERSION = 3.0;
			};
			name = Release;
		};
/* End XCBuildConfiguration section */

/* Begin XCConfigurationList section */
		58A6DC4A1C70B9A200FDA05C /* Build configuration list for PBXProject "OsxInfoBar" */ = {
			isa = XCConfigurationList;
			buildConfigurations = (
				58A6DC5C1C70B9A200FDA05C /* Debug */,
				58A6DC5D1C70B9A200FDA05C /* Release */,
			);
			defaultConfigurationIsVisible = 0;
			defaultConfigurationName = Release;
		};
		58A6DC5E1C70B9A200FDA05C /* Build configuration list for PBXNativeTarget "OsxInfoBar" */ = {
			isa = XCConfigurationList;
			buildConfigurations = (
				58A6DC5F1C70B9A200FDA05C /* Debug */,
				58A6DC601C70B9A200FDA05C /* Release */,
			);
			defaultConfigurationIsVisible = 0;
			defaultConfigurationName = Release;
		};
/* End XCConfigurationList section */
	};
	rootObject = 58A6DC471C70B9A200FDA05C /* Project object */;
}
